
Microsoft Visual Studio Solution File, Format Version 12.00
# Visual Studio Version 16
VisualStudioVersion = 16.0.31624.102
MinimumVisualStudioVersion = 10.0.40219.1
Project("{2150E333-8FDC-42A3-9474-1A3956D46DE8}") = "Tests", "Tests", "{EC2E729F-17BA-46F5-9D8E-A117428D94DE}"
EndProject
Project("{2150E333-8FDC-42A3-9474-1A3956D46DE8}") = "src", "src", "{E724AD87-C5E2-443F-A18F-E1D5D051107B}"
EndProject
Project("{9A19103F-16F7-4668-BE54-9A1E7A4F7556}") = "Pevac", "src\Pevac\Pevac.csproj", "{B8BBA503-093C-4AFB-B529-1A505A81B0BA}"
EndProject
Project("{9A19103F-16F7-4668-BE54-9A1E7A4F7556}") = "Pevac.Tests", "tests\Pevac.Tests\Pevac.Tests.csproj", "{6A3A1FAC-16D7-46A5-A142-23976112FCA4}"
EndProject
Global
	GlobalSection(SolutionConfigurationPlatforms) = preSolution
		Debug|Any CPU = Debug|Any CPU
		Release|Any CPU = Release|Any CPU
	EndGlobalSection
	GlobalSection(ProjectConfigurationPlatforms) = postSolution
		{B8BBA503-093C-4AFB-B529-1A505A81B0BA}.Debug|Any CPU.ActiveCfg = Debug|Any CPU
		{B8BBA503-093C-4AFB-B529-1A505A81B0BA}.Debug|Any CPU.Build.0 = Debug|Any CPU
		{B8BBA503-093C-4AFB-B529-1A505A81B0BA}.Release|Any CPU.ActiveCfg = Release|Any CPU
		{B8BBA503-093C-4AFB-B529-1A505A81B0BA}.Release|Any CPU.Build.0 = Release|Any CPU
		{6A3A1FAC-16D7-46A5-A142-23976112FCA4}.Debug|Any CPU.ActiveCfg = Debug|Any CPU
		{6A3A1FAC-16D7-46A5-A142-23976112FCA4}.Debug|Any CPU.Build.0 = Debug|Any CPU
		{6A3A1FAC-16D7-46A5-A142-23976112FCA4}.Release|Any CPU.ActiveCfg = Release|Any CPU
		{6A3A1FAC-16D7-46A5-A142-23976112FCA4}.Release|Any CPU.Build.0 = Release|Any CPU
	EndGlobalSection
	GlobalSection(SolutionProperties) = preSolution
		HideSolutionNode = FALSE
	EndGlobalSection
	GlobalSection(NestedProjects) = preSolution
		{B8BBA503-093C-4AFB-B529-1A505A81B0BA} = {E724AD87-C5E2-443F-A18F-E1D5D051107B}
		{6A3A1FAC-16D7-46A5-A142-23976112FCA4} = {EC2E729F-17BA-46F5-9D8E-A117428D94DE}
	EndGlobalSection
	GlobalSection(ExtensibilityGlobals) = postSolution
		SolutionGuid = {4602ACD1-91B2-4722-BB0E-98D21FF6B25D}
	EndGlobalSection
EndGlobal
