
Microsoft Visual Studio Solution File, Format Version 12.00
# Visual Studio Version 16
VisualStudioVersion = 16.0.31624.102
MinimumVisualStudioVersion = 10.0.40219.1
Project("{9A19103F-16F7-4668-BE54-9A1E7A4F7556}") = "Pevac", "Pevac\Pevac.csproj", "{53D0C77B-0885-451B-9C41-2B58477FE087}"
EndProject
Project("{2150E333-8FDC-42A3-9474-1A3956D46DE8}") = "Tests", "Tests", "{EC2E729F-17BA-46F5-9D8E-A117428D94DE}"
EndProject
Project("{FAE04EC0-301F-11D3-BF4B-00C04F79EFBC}") = "Pevac.Tests", "Pevac.Tests\Pevac.Tests.csproj", "{473AD1BB-C2D0-4BA9-9F7A-429B237D003B}"
EndProject
Global
	GlobalSection(SolutionConfigurationPlatforms) = preSolution
		Debug|Any CPU = Debug|Any CPU
		Release|Any CPU = Release|Any CPU
	EndGlobalSection
	GlobalSection(ProjectConfigurationPlatforms) = postSolution
		{53D0C77B-0885-451B-9C41-2B58477FE087}.Debug|Any CPU.ActiveCfg = Debug|Any CPU
		{53D0C77B-0885-451B-9C41-2B58477FE087}.Debug|Any CPU.Build.0 = Debug|Any CPU
		{53D0C77B-0885-451B-9C41-2B58477FE087}.Release|Any CPU.ActiveCfg = Release|Any CPU
		{53D0C77B-0885-451B-9C41-2B58477FE087}.Release|Any CPU.Build.0 = Release|Any CPU
		{473AD1BB-C2D0-4BA9-9F7A-429B237D003B}.Debug|Any CPU.ActiveCfg = Debug|Any CPU
		{473AD1BB-C2D0-4BA9-9F7A-429B237D003B}.Debug|Any CPU.Build.0 = Debug|Any CPU
		{473AD1BB-C2D0-4BA9-9F7A-429B237D003B}.Release|Any CPU.ActiveCfg = Release|Any CPU
		{473AD1BB-C2D0-4BA9-9F7A-429B237D003B}.Release|Any CPU.Build.0 = Release|Any CPU
	EndGlobalSection
	GlobalSection(SolutionProperties) = preSolution
		HideSolutionNode = FALSE
	EndGlobalSection
	GlobalSection(NestedProjects) = preSolution
		{473AD1BB-C2D0-4BA9-9F7A-429B237D003B} = {EC2E729F-17BA-46F5-9D8E-A117428D94DE}
	EndGlobalSection
	GlobalSection(ExtensibilityGlobals) = postSolution
		SolutionGuid = {4602ACD1-91B2-4722-BB0E-98D21FF6B25D}
	EndGlobalSection
EndGlobal
